
Microsoft Visual Studio Solution File, Format Version 12.00
# Visual Studio Version 17
VisualStudioVersion = 17.6.33815.320
MinimumVisualStudioVersion = 10.0.40219.1
Project("{9A19103F-16F7-4668-BE54-9A1E7A4F7556}") = "GunGiBoardGameWPF", "GunGiBoardGameWPF\GunGiBoardGameWPF.csproj", "{46628FA1-6659-4AF3-B42E-982CE4163A25}"
EndProject
Global
	GlobalSection(SolutionConfigurationPlatforms) = preSolution
		Debug|Any CPU = Debug|Any CPU
		Release|Any CPU = Release|Any CPU
	EndGlobalSection
	GlobalSection(ProjectConfigurationPlatforms) = postSolution
		{46628FA1-6659-4AF3-B42E-982CE4163A25}.Debug|Any CPU.ActiveCfg = Debug|Any CPU
		{46628FA1-6659-4AF3-B42E-982CE4163A25}.Debug|Any CPU.Build.0 = Debug|Any CPU
		{46628FA1-6659-4AF3-B42E-982CE4163A25}.Release|Any CPU.ActiveCfg = Release|Any CPU
		{46628FA1-6659-4AF3-B42E-982CE4163A25}.Release|Any CPU.Build.0 = Release|Any CPU
	EndGlobalSection
	GlobalSection(SolutionProperties) = preSolution
		HideSolutionNode = FALSE
	EndGlobalSection
	GlobalSection(ExtensibilityGlobals) = postSolution
		SolutionGuid = {E1474F59-EFF1-4A38-8CDC-FC0F1C7C6873}
	EndGlobalSection
EndGlobal
